
Microsoft Visual Studio Solution File, Format Version 12.00
# Visual Studio Version 16
VisualStudioVersion = 16.0.30114.128
MinimumVisualStudioVersion = 10.0.40219.1
Project("{9A19103F-16F7-4668-BE54-9A1E7A4F7556}") = "WeatherServer", "UserManagementServer\WeatherServer.csproj", "{D093DC54-F2D1-4C96-AB4B-14F8816D377F}"
EndProject
Project("{9A19103F-16F7-4668-BE54-9A1E7A4F7556}") = "WeatherApp", "WeatherApp\WeatherApp.csproj", "{BA491563-29E6-47C0-BAE9-7B808F98E379}"
EndProject
Project("{FAE04EC0-301F-11D3-BF4B-00C04F79EFBC}") = "ApiIntegrationTests", "ApiIntegrationTests\ApiIntegrationTests.csproj", "{001C314A-1BD6-4558-90ED-7FDFE133F2E2}"
EndProject
Global
	GlobalSection(SolutionConfigurationPlatforms) = preSolution
		Debug|Any CPU = Debug|Any CPU
		Release|Any CPU = Release|Any CPU
	EndGlobalSection
	GlobalSection(ProjectConfigurationPlatforms) = postSolution
		{D093DC54-F2D1-4C96-AB4B-14F8816D377F}.Debug|Any CPU.ActiveCfg = Debug|Any CPU
		{D093DC54-F2D1-4C96-AB4B-14F8816D377F}.Debug|Any CPU.Build.0 = Debug|Any CPU
		{D093DC54-F2D1-4C96-AB4B-14F8816D377F}.Release|Any CPU.ActiveCfg = Release|Any CPU
		{D093DC54-F2D1-4C96-AB4B-14F8816D377F}.Release|Any CPU.Build.0 = Release|Any CPU
		{BA491563-29E6-47C0-BAE9-7B808F98E379}.Debug|Any CPU.ActiveCfg = Debug|Any CPU
		{BA491563-29E6-47C0-BAE9-7B808F98E379}.Debug|Any CPU.Build.0 = Debug|Any CPU
		{BA491563-29E6-47C0-BAE9-7B808F98E379}.Release|Any CPU.ActiveCfg = Release|Any CPU
		{BA491563-29E6-47C0-BAE9-7B808F98E379}.Release|Any CPU.Build.0 = Release|Any CPU
		{001C314A-1BD6-4558-90ED-7FDFE133F2E2}.Debug|Any CPU.ActiveCfg = Debug|Any CPU
		{001C314A-1BD6-4558-90ED-7FDFE133F2E2}.Debug|Any CPU.Build.0 = Debug|Any CPU
		{001C314A-1BD6-4558-90ED-7FDFE133F2E2}.Release|Any CPU.ActiveCfg = Release|Any CPU
		{001C314A-1BD6-4558-90ED-7FDFE133F2E2}.Release|Any CPU.Build.0 = Release|Any CPU
	EndGlobalSection
	GlobalSection(SolutionProperties) = preSolution
		HideSolutionNode = FALSE
	EndGlobalSection
	GlobalSection(ExtensibilityGlobals) = postSolution
		SolutionGuid = {61A2A314-DF19-46A1-81F8-E789DF22B8BA}
	EndGlobalSection
EndGlobal
